
Microsoft Visual Studio Solution File, Format Version 12.00
# Visual Studio Version 17
VisualStudioVersion = 17.0.31903.59
MinimumVisualStudioVersion = 10.0.40219.1
Project("{2150E333-8FDC-42A3-9474-1A3956D46DE8}") = "src", "src", "{827E0CD3-B72D-47B6-A68D-7590B98EB39B}"
EndProject
Project("{FAE04EC0-301F-11D3-BF4B-00C04F79EFBC}") = "Macropad.Core", "src\Macropad.Core\Macropad.Core.csproj", "{61AE58E5-3301-4F7A-81CC-8B4EFAA76FA1}"
EndProject
Project("{FAE04EC0-301F-11D3-BF4B-00C04F79EFBC}") = "Macropad", "src\Macropad\Macropad.csproj", "{052A9314-74DF-410C-8BE7-A6C2A1531A57}"
EndProject
Global
	GlobalSection(SolutionConfigurationPlatforms) = preSolution
		Debug|Any CPU = Debug|Any CPU
		Debug|x64 = Debug|x64
		Debug|x86 = Debug|x86
		Release|Any CPU = Release|Any CPU
		Release|x64 = Release|x64
		Release|x86 = Release|x86
	EndGlobalSection
	GlobalSection(ProjectConfigurationPlatforms) = postSolution
		{61AE58E5-3301-4F7A-81CC-8B4EFAA76FA1}.Debug|Any CPU.ActiveCfg = Debug|Any CPU
		{61AE58E5-3301-4F7A-81CC-8B4EFAA76FA1}.Debug|Any CPU.Build.0 = Debug|Any CPU
		{61AE58E5-3301-4F7A-81CC-8B4EFAA76FA1}.Debug|x64.ActiveCfg = Debug|Any CPU
		{61AE58E5-3301-4F7A-81CC-8B4EFAA76FA1}.Debug|x64.Build.0 = Debug|Any CPU
		{61AE58E5-3301-4F7A-81CC-8B4EFAA76FA1}.Debug|x86.ActiveCfg = Debug|Any CPU
		{61AE58E5-3301-4F7A-81CC-8B4EFAA76FA1}.Debug|x86.Build.0 = Debug|Any CPU
		{61AE58E5-3301-4F7A-81CC-8B4EFAA76FA1}.Release|Any CPU.ActiveCfg = Release|Any CPU
		{61AE58E5-3301-4F7A-81CC-8B4EFAA76FA1}.Release|Any CPU.Build.0 = Release|Any CPU
		{61AE58E5-3301-4F7A-81CC-8B4EFAA76FA1}.Release|x64.ActiveCfg = Release|Any CPU
		{61AE58E5-3301-4F7A-81CC-8B4EFAA76FA1}.Release|x64.Build.0 = Release|Any CPU
		{61AE58E5-3301-4F7A-81CC-8B4EFAA76FA1}.Release|x86.ActiveCfg = Release|Any CPU
		{61AE58E5-3301-4F7A-81CC-8B4EFAA76FA1}.Release|x86.Build.0 = Release|Any CPU
		{052A9314-74DF-410C-8BE7-A6C2A1531A57}.Debug|Any CPU.ActiveCfg = Debug|Any CPU
		{052A9314-74DF-410C-8BE7-A6C2A1531A57}.Debug|Any CPU.Build.0 = Debug|Any CPU
		{052A9314-74DF-410C-8BE7-A6C2A1531A57}.Debug|x64.ActiveCfg = Debug|Any CPU
		{052A9314-74DF-410C-8BE7-A6C2A1531A57}.Debug|x64.Build.0 = Debug|Any CPU
		{052A9314-74DF-410C-8BE7-A6C2A1531A57}.Debug|x86.ActiveCfg = Debug|Any CPU
		{052A9314-74DF-410C-8BE7-A6C2A1531A57}.Debug|x86.Build.0 = Debug|Any CPU
		{052A9314-74DF-410C-8BE7-A6C2A1531A57}.Release|Any CPU.ActiveCfg = Release|Any CPU
		{052A9314-74DF-410C-8BE7-A6C2A1531A57}.Release|Any CPU.Build.0 = Release|Any CPU
		{052A9314-74DF-410C-8BE7-A6C2A1531A57}.Release|x64.ActiveCfg = Release|Any CPU
		{052A9314-74DF-410C-8BE7-A6C2A1531A57}.Release|x64.Build.0 = Release|Any CPU
		{052A9314-74DF-410C-8BE7-A6C2A1531A57}.Release|x86.ActiveCfg = Release|Any CPU
		{052A9314-74DF-410C-8BE7-A6C2A1531A57}.Release|x86.Build.0 = Release|Any CPU
	EndGlobalSection
	GlobalSection(SolutionProperties) = preSolution
		HideSolutionNode = FALSE
	EndGlobalSection
	GlobalSection(NestedProjects) = preSolution
		{61AE58E5-3301-4F7A-81CC-8B4EFAA76FA1} = {827E0CD3-B72D-47B6-A68D-7590B98EB39B}
		{052A9314-74DF-410C-8BE7-A6C2A1531A57} = {827E0CD3-B72D-47B6-A68D-7590B98EB39B}
	EndGlobalSection
EndGlobal
